
Microsoft Visual Studio Solution File, Format Version 12.00
# Visual Studio 14
VisualStudioVersion = 14.0.25420.1
MinimumVisualStudioVersion = 10.0.40219.1
Project("{FAE04EC0-301F-11D3-BF4B-00C04F79EFBC}") = "XamarinToDo", "XamarinToDo\XamarinToDo\XamarinToDo.csproj", "{8104F71B-0160-45DC-BD95-EB3E1E8C666D}"
EndProject
Project("{FAE04EC0-301F-11D3-BF4B-00C04F79EFBC}") = "XamarinToDo.Droid", "XamarinToDo\XamarinToDo.Droid\XamarinToDo.Droid.csproj", "{1BC2483D-4E23-4932-886B-E8C36B99220A}"
EndProject
Project("{FAE04EC0-301F-11D3-BF4B-00C04F79EFBC}") = "XamarinToDo.iOS", "XamarinToDo\XamarinToDo.iOS\XamarinToDo.iOS.csproj", "{DED0CAE6-0875-43ED-8621-C83A926D6E8B}"
EndProject
Project("{FAE04EC0-301F-11D3-BF4B-00C04F79EFBC}") = "XamarinToDo.WinPhone", "XamarinToDo\XamarinToDo.WinPhone\XamarinToDo.WinPhone.csproj", "{427265EA-4603-4FFA-917D-137CA0220695}"
EndProject
Project("{FAE04EC0-301F-11D3-BF4B-00C04F79EFBC}") = "XamarinToDo.UWP", "XamarinToDo\XamarinToDo.UWP\XamarinToDo.UWP.csproj", "{653A68D4-1BDD-44B1-BB78-7C2C2D9AA24F}"
EndProject
Project("{FAE04EC0-301F-11D3-BF4B-00C04F79EFBC}") = "XamarinToDo.Windows", "XamarinToDo\XamarinToDo.Windows\XamarinToDo.Windows.csproj", "{691CBCE7-B0D7-4D3E-89F0-F9AD3A4EE008}"
EndProject
Global
	GlobalSection(SolutionConfigurationPlatforms) = preSolution
		Ad-Hoc|Any CPU = Ad-Hoc|Any CPU
		Ad-Hoc|ARM = Ad-Hoc|ARM
		Ad-Hoc|iPhone = Ad-Hoc|iPhone
		Ad-Hoc|iPhoneSimulator = Ad-Hoc|iPhoneSimulator
		Ad-Hoc|x64 = Ad-Hoc|x64
		Ad-Hoc|x86 = Ad-Hoc|x86
		AppStore|Any CPU = AppStore|Any CPU
		AppStore|ARM = AppStore|ARM
		AppStore|iPhone = AppStore|iPhone
		AppStore|iPhoneSimulator = AppStore|iPhoneSimulator
		AppStore|x64 = AppStore|x64
		AppStore|x86 = AppStore|x86
		Debug|Any CPU = Debug|Any CPU
		Debug|ARM = Debug|ARM
		Debug|iPhone = Debug|iPhone
		Debug|iPhoneSimulator = Debug|iPhoneSimulator
		Debug|x64 = Debug|x64
		Debug|x86 = Debug|x86
		Release|Any CPU = Release|Any CPU
		Release|ARM = Release|ARM
		Release|iPhone = Release|iPhone
		Release|iPhoneSimulator = Release|iPhoneSimulator
		Release|x64 = Release|x64
		Release|x86 = Release|x86
	EndGlobalSection
	GlobalSection(ProjectConfigurationPlatforms) = postSolution
		{8104F71B-0160-45DC-BD95-EB3E1E8C666D}.Ad-Hoc|Any CPU.ActiveCfg = Release|Any CPU
		{8104F71B-0160-45DC-BD95-EB3E1E8C666D}.Ad-Hoc|Any CPU.Build.0 = Release|Any CPU
		{8104F71B-0160-45DC-BD95-EB3E1E8C666D}.Ad-Hoc|ARM.ActiveCfg = Release|Any CPU
		{8104F71B-0160-45DC-BD95-EB3E1E8C666D}.Ad-Hoc|ARM.Build.0 = Release|Any CPU
		{8104F71B-0160-45DC-BD95-EB3E1E8C666D}.Ad-Hoc|iPhone.ActiveCfg = Release|Any CPU
		{8104F71B-0160-45DC-BD95-EB3E1E8C666D}.Ad-Hoc|iPhone.Build.0 = Release|Any CPU
		{8104F71B-0160-45DC-BD95-EB3E1E8C666D}.Ad-Hoc|iPhoneSimulator.ActiveCfg = Release|Any CPU
		{8104F71B-0160-45DC-BD95-EB3E1E8C666D}.Ad-Hoc|iPhoneSimulator.Build.0 = Release|Any CPU
		{8104F71B-0160-45DC-BD95-EB3E1E8C666D}.Ad-Hoc|x64.ActiveCfg = Release|Any CPU
		{8104F71B-0160-45DC-BD95-EB3E1E8C666D}.Ad-Hoc|x64.Build.0 = Release|Any CPU
		{8104F71B-0160-45DC-BD95-EB3E1E8C666D}.Ad-Hoc|x86.ActiveCfg = Release|Any CPU
		{8104F71B-0160-45DC-BD95-EB3E1E8C666D}.Ad-Hoc|x86.Build.0 = Release|Any CPU
		{8104F71B-0160-45DC-BD95-EB3E1E8C666D}.AppStore|Any CPU.ActiveCfg = Release|Any CPU
		{8104F71B-0160-45DC-BD95-EB3E1E8C666D}.AppStore|Any CPU.Build.0 = Release|Any CPU
		{8104F71B-0160-45DC-BD95-EB3E1E8C666D}.AppStore|ARM.ActiveCfg = Release|Any CPU
		{8104F71B-0160-45DC-BD95-EB3E1E8C666D}.AppStore|ARM.Build.0 = Release|Any CPU
		{8104F71B-0160-45DC-BD95-EB3E1E8C666D}.AppStore|iPhone.ActiveCfg = Release|Any CPU
		{8104F71B-0160-45DC-BD95-EB3E1E8C666D}.AppStore|iPhone.Build.0 = Release|Any CPU
		{8104F71B-0160-45DC-BD95-EB3E1E8C666D}.AppStore|iPhoneSimulator.ActiveCfg = Release|Any CPU
		{8104F71B-0160-45DC-BD95-EB3E1E8C666D}.AppStore|iPhoneSimulator.Build.0 = Release|Any CPU
		{8104F71B-0160-45DC-BD95-EB3E1E8C666D}.AppStore|x64.ActiveCfg = Release|Any CPU
		{8104F71B-0160-45DC-BD95-EB3E1E8C666D}.AppStore|x64.Build.0 = Release|Any CPU
		{8104F71B-0160-45DC-BD95-EB3E1E8C666D}.AppStore|x86.ActiveCfg = Release|Any CPU
		{8104F71B-0160-45DC-BD95-EB3E1E8C666D}.AppStore|x86.Build.0 = Release|Any CPU
		{8104F71B-0160-45DC-BD95-EB3E1E8C666D}.Debug|Any CPU.ActiveCfg = Debug|Any CPU
		{8104F71B-0160-45DC-BD95-EB3E1E8C666D}.Debug|Any CPU.Build.0 = Debug|Any CPU
		{8104F71B-0160-45DC-BD95-EB3E1E8C666D}.Debug|ARM.ActiveCfg = Debug|Any CPU
		{8104F71B-0160-45DC-BD95-EB3E1E8C666D}.Debug|ARM.Build.0 = Debug|Any CPU
		{8104F71B-0160-45DC-BD95-EB3E1E8C666D}.Debug|iPhone.ActiveCfg = Debug|Any CPU
		{8104F71B-0160-45DC-BD95-EB3E1E8C666D}.Debug|iPhone.Build.0 = Debug|Any CPU
		{8104F71B-0160-45DC-BD95-EB3E1E8C666D}.Debug|iPhoneSimulator.ActiveCfg = Debug|Any CPU
		{8104F71B-0160-45DC-BD95-EB3E1E8C666D}.Debug|iPhoneSimulator.Build.0 = Debug|Any CPU
		{8104F71B-0160-45DC-BD95-EB3E1E8C666D}.Debug|x64.ActiveCfg = Debug|Any CPU
		{8104F71B-0160-45DC-BD95-EB3E1E8C666D}.Debug|x64.Build.0 = Debug|Any CPU
		{8104F71B-0160-45DC-BD95-EB3E1E8C666D}.Debug|x86.ActiveCfg = Debug|Any CPU
		{8104F71B-0160-45DC-BD95-EB3E1E8C666D}.Debug|x86.Build.0 = Debug|Any CPU
		{8104F71B-0160-45DC-BD95-EB3E1E8C666D}.Release|Any CPU.ActiveCfg = Release|Any CPU
		{8104F71B-0160-45DC-BD95-EB3E1E8C666D}.Release|Any CPU.Build.0 = Release|Any CPU
		{8104F71B-0160-45DC-BD95-EB3E1E8C666D}.Release|ARM.ActiveCfg = Release|Any CPU
		{8104F71B-0160-45DC-BD95-EB3E1E8C666D}.Release|ARM.Build.0 = Release|Any CPU
		{8104F71B-0160-45DC-BD95-EB3E1E8C666D}.Release|iPhone.ActiveCfg = Release|Any CPU
		{8104F71B-0160-45DC-BD95-EB3E1E8C666D}.Release|iPhone.Build.0 = Release|Any CPU
		{8104F71B-0160-45DC-BD95-EB3E1E8C666D}.Release|iPhoneSimulator.ActiveCfg = Release|Any CPU
		{8104F71B-0160-45DC-BD95-EB3E1E8C666D}.Release|iPhoneSimulator.Build.0 = Release|Any CPU
		{8104F71B-0160-45DC-BD95-EB3E1E8C666D}.Release|x64.ActiveCfg = Release|Any CPU
		{8104F71B-0160-45DC-BD95-EB3E1E8C666D}.Release|x64.Build.0 = Release|Any CPU
		{8104F71B-0160-45DC-BD95-EB3E1E8C666D}.Release|x86.ActiveCfg = Release|Any CPU
		{8104F71B-0160-45DC-BD95-EB3E1E8C666D}.Release|x86.Build.0 = Release|Any CPU
		{1BC2483D-4E23-4932-886B-E8C36B99220A}.Ad-Hoc|Any CPU.ActiveCfg = Release|Any CPU
		{1BC2483D-4E23-4932-886B-E8C36B99220A}.Ad-Hoc|Any CPU.Build.0 = Release|Any CPU
		{1BC2483D-4E23-4932-886B-E8C36B99220A}.Ad-Hoc|Any CPU.Deploy.0 = Release|Any CPU
		{1BC2483D-4E23-4932-886B-E8C36B99220A}.Ad-Hoc|ARM.ActiveCfg = Release|Any CPU
		{1BC2483D-4E23-4932-886B-E8C36B99220A}.Ad-Hoc|ARM.Build.0 = Release|Any CPU
		{1BC2483D-4E23-4932-886B-E8C36B99220A}.Ad-Hoc|ARM.Deploy.0 = Release|Any CPU
		{1BC2483D-4E23-4932-886B-E8C36B99220A}.Ad-Hoc|iPhone.ActiveCfg = Release|Any CPU
		{1BC2483D-4E23-4932-886B-E8C36B99220A}.Ad-Hoc|iPhone.Build.0 = Release|Any CPU
		{1BC2483D-4E23-4932-886B-E8C36B99220A}.Ad-Hoc|iPhone.Deploy.0 = Release|Any CPU
		{1BC2483D-4E23-4932-886B-E8C36B99220A}.Ad-Hoc|iPhoneSimulator.ActiveCfg = Release|Any CPU
		{1BC2483D-4E23-4932-886B-E8C36B99220A}.Ad-Hoc|iPhoneSimulator.Build.0 = Release|Any CPU
		{1BC2483D-4E23-4932-886B-E8C36B99220A}.Ad-Hoc|iPhoneSimulator.Deploy.0 = Release|Any CPU
		{1BC2483D-4E23-4932-886B-E8C36B99220A}.Ad-Hoc|x64.ActiveCfg = Release|Any CPU
		{1BC2483D-4E23-4932-886B-E8C36B99220A}.Ad-Hoc|x64.Build.0 = Release|Any CPU
		{1BC2483D-4E23-4932-886B-E8C36B99220A}.Ad-Hoc|x64.Deploy.0 = Release|Any CPU
		{1BC2483D-4E23-4932-886B-E8C36B99220A}.Ad-Hoc|x86.ActiveCfg = Release|Any CPU
		{1BC2483D-4E23-4932-886B-E8C36B99220A}.Ad-Hoc|x86.Build.0 = Release|Any CPU
		{1BC2483D-4E23-4932-886B-E8C36B99220A}.Ad-Hoc|x86.Deploy.0 = Release|Any CPU
		{1BC2483D-4E23-4932-886B-E8C36B99220A}.AppStore|Any CPU.ActiveCfg = Release|Any CPU
		{1BC2483D-4E23-4932-886B-E8C36B99220A}.AppStore|Any CPU.Build.0 = Release|Any CPU
		{1BC2483D-4E23-4932-886B-E8C36B99220A}.AppStore|Any CPU.Deploy.0 = Release|Any CPU
		{1BC2483D-4E23-4932-886B-E8C36B99220A}.AppStore|ARM.ActiveCfg = Release|Any CPU
		{1BC2483D-4E23-4932-886B-E8C36B99220A}.AppStore|ARM.Build.0 = Release|Any CPU
		{1BC2483D-4E23-4932-886B-E8C36B99220A}.AppStore|ARM.Deploy.0 = Release|Any CPU
		{1BC2483D-4E23-4932-886B-E8C36B99220A}.AppStore|iPhone.ActiveCfg = Release|Any CPU
		{1BC2483D-4E23-4932-886B-E8C36B99220A}.AppStore|iPhone.Build.0 = Release|Any CPU
		{1BC2483D-4E23-4932-886B-E8C36B99220A}.AppStore|iPhone.Deploy.0 = Release|Any CPU
		{1BC2483D-4E23-4932-886B-E8C36B99220A}.AppStore|iPhoneSimulator.ActiveCfg = Release|Any CPU
		{1BC2483D-4E23-4932-886B-E8C36B99220A}.AppStore|iPhoneSimulator.Build.0 = Release|Any CPU
		{1BC2483D-4E23-4932-886B-E8C36B99220A}.AppStore|iPhoneSimulator.Deploy.0 = Release|Any CPU
		{1BC2483D-4E23-4932-886B-E8C36B99220A}.AppStore|x64.ActiveCfg = Release|Any CPU
		{1BC2483D-4E23-4932-886B-E8C36B99220A}.AppStore|x64.Build.0 = Release|Any CPU
		{1BC2483D-4E23-4932-886B-E8C36B99220A}.AppStore|x64.Deploy.0 = Release|Any CPU
		{1BC2483D-4E23-4932-886B-E8C36B99220A}.AppStore|x86.ActiveCfg = Release|Any CPU
		{1BC2483D-4E23-4932-886B-E8C36B99220A}.AppStore|x86.Build.0 = Release|Any CPU
		{1BC2483D-4E23-4932-886B-E8C36B99220A}.AppStore|x86.Deploy.0 = Release|Any CPU
		{1BC2483D-4E23-4932-886B-E8C36B99220A}.Debug|Any CPU.ActiveCfg = Debug|Any CPU
		{1BC2483D-4E23-4932-886B-E8C36B99220A}.Debug|Any CPU.Build.0 = Debug|Any CPU
		{1BC2483D-4E23-4932-886B-E8C36B99220A}.Debug|Any CPU.Deploy.0 = Debug|Any CPU
		{1BC2483D-4E23-4932-886B-E8C36B99220A}.Debug|ARM.ActiveCfg = Debug|Any CPU
		{1BC2483D-4E23-4932-886B-E8C36B99220A}.Debug|ARM.Build.0 = Debug|Any CPU
		{1BC2483D-4E23-4932-886B-E8C36B99220A}.Debug|ARM.Deploy.0 = Debug|Any CPU
		{1BC2483D-4E23-4932-886B-E8C36B99220A}.Debug|iPhone.ActiveCfg = Debug|Any CPU
		{1BC2483D-4E23-4932-886B-E8C36B99220A}.Debug|iPhone.Build.0 = Debug|Any CPU
		{1BC2483D-4E23-4932-886B-E8C36B99220A}.Debug|iPhone.Deploy.0 = Debug|Any CPU
		{1BC2483D-4E23-4932-886B-E8C36B99220A}.Debug|iPhoneSimulator.ActiveCfg = Debug|Any CPU
		{1BC2483D-4E23-4932-886B-E8C36B99220A}.Debug|iPhoneSimulator.Build.0 = Debug|Any CPU
		{1BC2483D-4E23-4932-886B-E8C36B99220A}.Debug|iPhoneSimulator.Deploy.0 = Debug|Any CPU
		{1BC2483D-4E23-4932-886B-E8C36B99220A}.Debug|x64.ActiveCfg = Debug|Any CPU
		{1BC2483D-4E23-4932-886B-E8C36B99220A}.Debug|x64.Build.0 = Debug|Any CPU
		{1BC2483D-4E23-4932-886B-E8C36B99220A}.Debug|x64.Deploy.0 = Debug|Any CPU
		{1BC2483D-4E23-4932-886B-E8C36B99220A}.Debug|x86.ActiveCfg = Debug|Any CPU
		{1BC2483D-4E23-4932-886B-E8C36B99220A}.Debug|x86.Build.0 = Debug|Any CPU
		{1BC2483D-4E23-4932-886B-E8C36B99220A}.Debug|x86.Deploy.0 = Debug|Any CPU
		{1BC2483D-4E23-4932-886B-E8C36B99220A}.Release|Any CPU.ActiveCfg = Release|Any CPU
		{1BC2483D-4E23-4932-886B-E8C36B99220A}.Release|Any CPU.Build.0 = Release|Any CPU
		{1BC2483D-4E23-4932-886B-E8C36B99220A}.Release|Any CPU.Deploy.0 = Release|Any CPU
		{1BC2483D-4E23-4932-886B-E8C36B99220A}.Release|ARM.ActiveCfg = Release|Any CPU
		{1BC2483D-4E23-4932-886B-E8C36B99220A}.Release|ARM.Build.0 = Release|Any CPU
		{1BC2483D-4E23-4932-886B-E8C36B99220A}.Release|ARM.Deploy.0 = Release|Any CPU
		{1BC2483D-4E23-4932-886B-E8C36B99220A}.Release|iPhone.ActiveCfg = Release|Any CPU
		{1BC2483D-4E23-4932-886B-E8C36B99220A}.Release|iPhone.Build.0 = Release|Any CPU
		{1BC2483D-4E23-4932-886B-E8C36B99220A}.Release|iPhone.Deploy.0 = Release|Any CPU
		{1BC2483D-4E23-4932-886B-E8C36B99220A}.Release|iPhoneSimulator.ActiveCfg = Release|Any CPU
		{1BC2483D-4E23-4932-886B-E8C36B99220A}.Release|iPhoneSimulator.Build.0 = Release|Any CPU
		{1BC2483D-4E23-4932-886B-E8C36B99220A}.Release|iPhoneSimulator.Deploy.0 = Release|Any CPU
		{1BC2483D-4E23-4932-886B-E8C36B99220A}.Release|x64.ActiveCfg = Release|Any CPU
		{1BC2483D-4E23-4932-886B-E8C36B99220A}.Release|x64.Build.0 = Release|Any CPU
		{1BC2483D-4E23-4932-886B-E8C36B99220A}.Release|x64.Deploy.0 = Release|Any CPU
		{1BC2483D-4E23-4932-886B-E8C36B99220A}.Release|x86.ActiveCfg = Release|Any CPU
		{1BC2483D-4E23-4932-886B-E8C36B99220A}.Release|x86.Build.0 = Release|Any CPU
		{1BC2483D-4E23-4932-886B-E8C36B99220A}.Release|x86.Deploy.0 = Release|Any CPU
		{DED0CAE6-0875-43ED-8621-C83A926D6E8B}.Ad-Hoc|Any CPU.ActiveCfg = Ad-Hoc|iPhone
		{DED0CAE6-0875-43ED-8621-C83A926D6E8B}.Ad-Hoc|ARM.ActiveCfg = Ad-Hoc|iPhone
		{DED0CAE6-0875-43ED-8621-C83A926D6E8B}.Ad-Hoc|iPhone.ActiveCfg = Ad-Hoc|iPhone
		{DED0CAE6-0875-43ED-8621-C83A926D6E8B}.Ad-Hoc|iPhone.Build.0 = Ad-Hoc|iPhone
		{DED0CAE6-0875-43ED-8621-C83A926D6E8B}.Ad-Hoc|iPhoneSimulator.ActiveCfg = Ad-Hoc|iPhoneSimulator
		{DED0CAE6-0875-43ED-8621-C83A926D6E8B}.Ad-Hoc|iPhoneSimulator.Build.0 = Ad-Hoc|iPhoneSimulator
		{DED0CAE6-0875-43ED-8621-C83A926D6E8B}.Ad-Hoc|x64.ActiveCfg = Ad-Hoc|iPhone
		{DED0CAE6-0875-43ED-8621-C83A926D6E8B}.Ad-Hoc|x86.ActiveCfg = Ad-Hoc|iPhone
		{DED0CAE6-0875-43ED-8621-C83A926D6E8B}.AppStore|Any CPU.ActiveCfg = AppStore|iPhone
		{DED0CAE6-0875-43ED-8621-C83A926D6E8B}.AppStore|ARM.ActiveCfg = AppStore|iPhone
		{DED0CAE6-0875-43ED-8621-C83A926D6E8B}.AppStore|iPhone.ActiveCfg = AppStore|iPhone
		{DED0CAE6-0875-43ED-8621-C83A926D6E8B}.AppStore|iPhone.Build.0 = AppStore|iPhone
		{DED0CAE6-0875-43ED-8621-C83A926D6E8B}.AppStore|iPhoneSimulator.ActiveCfg = AppStore|iPhoneSimulator
		{DED0CAE6-0875-43ED-8621-C83A926D6E8B}.AppStore|iPhoneSimulator.Build.0 = AppStore|iPhoneSimulator
		{DED0CAE6-0875-43ED-8621-C83A926D6E8B}.AppStore|x64.ActiveCfg = AppStore|iPhone
		{DED0CAE6-0875-43ED-8621-C83A926D6E8B}.AppStore|x86.ActiveCfg = AppStore|iPhone
		{DED0CAE6-0875-43ED-8621-C83A926D6E8B}.Debug|Any CPU.ActiveCfg = Debug|iPhone
		{DED0CAE6-0875-43ED-8621-C83A926D6E8B}.Debug|ARM.ActiveCfg = Debug|iPhone
		{DED0CAE6-0875-43ED-8621-C83A926D6E8B}.Debug|iPhone.ActiveCfg = Debug|iPhone
		{DED0CAE6-0875-43ED-8621-C83A926D6E8B}.Debug|iPhone.Build.0 = Debug|iPhone
		{DED0CAE6-0875-43ED-8621-C83A926D6E8B}.Debug|iPhoneSimulator.ActiveCfg = Debug|iPhoneSimulator
		{DED0CAE6-0875-43ED-8621-C83A926D6E8B}.Debug|iPhoneSimulator.Build.0 = Debug|iPhoneSimulator
		{DED0CAE6-0875-43ED-8621-C83A926D6E8B}.Debug|x64.ActiveCfg = Debug|iPhone
		{DED0CAE6-0875-43ED-8621-C83A926D6E8B}.Debug|x86.ActiveCfg = Debug|iPhone
		{DED0CAE6-0875-43ED-8621-C83A926D6E8B}.Release|Any CPU.ActiveCfg = Release|iPhone
		{DED0CAE6-0875-43ED-8621-C83A926D6E8B}.Release|ARM.ActiveCfg = Release|iPhone
		{DED0CAE6-0875-43ED-8621-C83A926D6E8B}.Release|iPhone.ActiveCfg = Release|iPhone
		{DED0CAE6-0875-43ED-8621-C83A926D6E8B}.Release|iPhone.Build.0 = Release|iPhone
		{DED0CAE6-0875-43ED-8621-C83A926D6E8B}.Release|iPhoneSimulator.ActiveCfg = Release|iPhoneSimulator
		{DED0CAE6-0875-43ED-8621-C83A926D6E8B}.Release|iPhoneSimulator.Build.0 = Release|iPhoneSimulator
		{DED0CAE6-0875-43ED-8621-C83A926D6E8B}.Release|x64.ActiveCfg = Release|iPhone
		{DED0CAE6-0875-43ED-8621-C83A926D6E8B}.Release|x86.ActiveCfg = Release|iPhone
		{427265EA-4603-4FFA-917D-137CA0220695}.Ad-Hoc|Any CPU.ActiveCfg = Release|Any CPU
		{427265EA-4603-4FFA-917D-137CA0220695}.Ad-Hoc|Any CPU.Build.0 = Release|Any CPU
		{427265EA-4603-4FFA-917D-137CA0220695}.Ad-Hoc|Any CPU.Deploy.0 = Release|Any CPU
		{427265EA-4603-4FFA-917D-137CA0220695}.Ad-Hoc|ARM.ActiveCfg = Release|ARM
		{427265EA-4603-4FFA-917D-137CA0220695}.Ad-Hoc|ARM.Build.0 = Release|ARM
		{427265EA-4603-4FFA-917D-137CA0220695}.Ad-Hoc|ARM.Deploy.0 = Release|ARM
		{427265EA-4603-4FFA-917D-137CA0220695}.Ad-Hoc|iPhone.ActiveCfg = Release|Any CPU
		{427265EA-4603-4FFA-917D-137CA0220695}.Ad-Hoc|iPhone.Build.0 = Release|Any CPU
		{427265EA-4603-4FFA-917D-137CA0220695}.Ad-Hoc|iPhone.Deploy.0 = Release|Any CPU
		{427265EA-4603-4FFA-917D-137CA0220695}.Ad-Hoc|iPhoneSimulator.ActiveCfg = Release|Any CPU
		{427265EA-4603-4FFA-917D-137CA0220695}.Ad-Hoc|iPhoneSimulator.Build.0 = Release|Any CPU
		{427265EA-4603-4FFA-917D-137CA0220695}.Ad-Hoc|iPhoneSimulator.Deploy.0 = Release|Any CPU
		{427265EA-4603-4FFA-917D-137CA0220695}.Ad-Hoc|x64.ActiveCfg = Release|Any CPU
		{427265EA-4603-4FFA-917D-137CA0220695}.Ad-Hoc|x64.Build.0 = Release|Any CPU
		{427265EA-4603-4FFA-917D-137CA0220695}.Ad-Hoc|x64.Deploy.0 = Release|Any CPU
		{427265EA-4603-4FFA-917D-137CA0220695}.Ad-Hoc|x86.ActiveCfg = Release|x86
		{427265EA-4603-4FFA-917D-137CA0220695}.Ad-Hoc|x86.Build.0 = Release|x86
		{427265EA-4603-4FFA-917D-137CA0220695}.Ad-Hoc|x86.Deploy.0 = Release|x86
		{427265EA-4603-4FFA-917D-137CA0220695}.AppStore|Any CPU.ActiveCfg = Release|Any CPU
		{427265EA-4603-4FFA-917D-137CA0220695}.AppStore|Any CPU.Build.0 = Release|Any CPU
		{427265EA-4603-4FFA-917D-137CA0220695}.AppStore|Any CPU.Deploy.0 = Release|Any CPU
		{427265EA-4603-4FFA-917D-137CA0220695}.AppStore|ARM.ActiveCfg = Release|ARM
		{427265EA-4603-4FFA-917D-137CA0220695}.AppStore|ARM.Build.0 = Release|ARM
		{427265EA-4603-4FFA-917D-137CA0220695}.AppStore|ARM.Deploy.0 = Release|ARM
		{427265EA-4603-4FFA-917D-137CA0220695}.AppStore|iPhone.ActiveCfg = Release|Any CPU
		{427265EA-4603-4FFA-917D-137CA0220695}.AppStore|iPhone.Build.0 = Release|Any CPU
		{427265EA-4603-4FFA-917D-137CA0220695}.AppStore|iPhone.Deploy.0 = Release|Any CPU
		{427265EA-4603-4FFA-917D-137CA0220695}.AppStore|iPhoneSimulator.ActiveCfg = Release|Any CPU
		{427265EA-4603-4FFA-917D-137CA0220695}.AppStore|iPhoneSimulator.Build.0 = Release|Any CPU
		{427265EA-4603-4FFA-917D-137CA0220695}.AppStore|iPhoneSimulator.Deploy.0 = Release|Any CPU
		{427265EA-4603-4FFA-917D-137CA0220695}.AppStore|x64.ActiveCfg = Release|Any CPU
		{427265EA-4603-4FFA-917D-137CA0220695}.AppStore|x64.Build.0 = Release|Any CPU
		{427265EA-4603-4FFA-917D-137CA0220695}.AppStore|x64.Deploy.0 = Release|Any CPU
		{427265EA-4603-4FFA-917D-137CA0220695}.AppStore|x86.ActiveCfg = Release|x86
		{427265EA-4603-4FFA-917D-137CA0220695}.AppStore|x86.Build.0 = Release|x86
		{427265EA-4603-4FFA-917D-137CA0220695}.AppStore|x86.Deploy.0 = Release|x86
		{427265EA-4603-4FFA-917D-137CA0220695}.Debug|Any CPU.ActiveCfg = Debug|Any CPU
		{427265EA-4603-4FFA-917D-137CA0220695}.Debug|Any CPU.Build.0 = Debug|Any CPU
		{427265EA-4603-4FFA-917D-137CA0220695}.Debug|Any CPU.Deploy.0 = Debug|Any CPU
		{427265EA-4603-4FFA-917D-137CA0220695}.Debug|ARM.ActiveCfg = Debug|ARM
		{427265EA-4603-4FFA-917D-137CA0220695}.Debug|ARM.Build.0 = Debug|ARM
		{427265EA-4603-4FFA-917D-137CA0220695}.Debug|ARM.Deploy.0 = Debug|ARM
		{427265EA-4603-4FFA-917D-137CA0220695}.Debug|iPhone.ActiveCfg = Debug|Any CPU
		{427265EA-4603-4FFA-917D-137CA0220695}.Debug|iPhone.Build.0 = Debug|Any CPU
		{427265EA-4603-4FFA-917D-137CA0220695}.Debug|iPhone.Deploy.0 = Debug|Any CPU
		{427265EA-4603-4FFA-917D-137CA0220695}.Debug|iPhoneSimulator.ActiveCfg = Debug|Any CPU
		{427265EA-4603-4FFA-917D-137CA0220695}.Debug|iPhoneSimulator.Build.0 = Debug|Any CPU
		{427265EA-4603-4FFA-917D-137CA0220695}.Debug|iPhoneSimulator.Deploy.0 = Debug|Any CPU
		{427265EA-4603-4FFA-917D-137CA0220695}.Debug|x64.ActiveCfg = Debug|Any CPU
		{427265EA-4603-4FFA-917D-137CA0220695}.Debug|x64.Build.0 = Debug|Any CPU
		{427265EA-4603-4FFA-917D-137CA0220695}.Debug|x64.Deploy.0 = Debug|Any CPU
		{427265EA-4603-4FFA-917D-137CA0220695}.Debug|x86.ActiveCfg = Debug|x86
		{427265EA-4603-4FFA-917D-137CA0220695}.Debug|x86.Build.0 = Debug|x86
		{427265EA-4603-4FFA-917D-137CA0220695}.Debug|x86.Deploy.0 = Debug|x86
		{427265EA-4603-4FFA-917D-137CA0220695}.Release|Any CPU.ActiveCfg = Release|Any CPU
		{427265EA-4603-4FFA-917D-137CA0220695}.Release|Any CPU.Build.0 = Release|Any CPU
		{427265EA-4603-4FFA-917D-137CA0220695}.Release|Any CPU.Deploy.0 = Release|Any CPU
		{427265EA-4603-4FFA-917D-137CA0220695}.Release|ARM.ActiveCfg = Release|ARM
		{427265EA-4603-4FFA-917D-137CA0220695}.Release|ARM.Build.0 = Release|ARM
		{427265EA-4603-4FFA-917D-137CA0220695}.Release|ARM.Deploy.0 = Release|ARM
		{427265EA-4603-4FFA-917D-137CA0220695}.Release|iPhone.ActiveCfg = Release|Any CPU
		{427265EA-4603-4FFA-917D-137CA0220695}.Release|iPhone.Build.0 = Release|Any CPU
		{427265EA-4603-4FFA-917D-137CA0220695}.Release|iPhone.Deploy.0 = Release|Any CPU
		{427265EA-4603-4FFA-917D-137CA0220695}.Release|iPhoneSimulator.ActiveCfg = Release|Any CPU
		{427265EA-4603-4FFA-917D-137CA0220695}.Release|iPhoneSimulator.Build.0 = Release|Any CPU
		{427265EA-4603-4FFA-917D-137CA0220695}.Release|iPhoneSimulator.Deploy.0 = Release|Any CPU
		{427265EA-4603-4FFA-917D-137CA0220695}.Release|x64.ActiveCfg = Release|Any CPU
		{427265EA-4603-4FFA-917D-137CA0220695}.Release|x64.Build.0 = Release|Any CPU
		{427265EA-4603-4FFA-917D-137CA0220695}.Release|x64.Deploy.0 = Release|Any CPU
		{427265EA-4603-4FFA-917D-137CA0220695}.Release|x86.ActiveCfg = Release|x86
		{427265EA-4603-4FFA-917D-137CA0220695}.Release|x86.Build.0 = Release|x86
		{427265EA-4603-4FFA-917D-137CA0220695}.Release|x86.Deploy.0 = Release|x86
		{653A68D4-1BDD-44B1-BB78-7C2C2D9AA24F}.Ad-Hoc|Any CPU.ActiveCfg = Release|x86
		{653A68D4-1BDD-44B1-BB78-7C2C2D9AA24F}.Ad-Hoc|Any CPU.Build.0 = Release|x86
		{653A68D4-1BDD-44B1-BB78-7C2C2D9AA24F}.Ad-Hoc|Any CPU.Deploy.0 = Release|x86
		{653A68D4-1BDD-44B1-BB78-7C2C2D9AA24F}.Ad-Hoc|ARM.ActiveCfg = Release|ARM
		{653A68D4-1BDD-44B1-BB78-7C2C2D9AA24F}.Ad-Hoc|ARM.Build.0 = Release|ARM
		{653A68D4-1BDD-44B1-BB78-7C2C2D9AA24F}.Ad-Hoc|ARM.Deploy.0 = Release|ARM
		{653A68D4-1BDD-44B1-BB78-7C2C2D9AA24F}.Ad-Hoc|iPhone.ActiveCfg = Release|x86
		{653A68D4-1BDD-44B1-BB78-7C2C2D9AA24F}.Ad-Hoc|iPhone.Build.0 = Release|x86
		{653A68D4-1BDD-44B1-BB78-7C2C2D9AA24F}.Ad-Hoc|iPhone.Deploy.0 = Release|x86
		{653A68D4-1BDD-44B1-BB78-7C2C2D9AA24F}.Ad-Hoc|iPhoneSimulator.ActiveCfg = Release|x86
		{653A68D4-1BDD-44B1-BB78-7C2C2D9AA24F}.Ad-Hoc|iPhoneSimulator.Build.0 = Release|x86
		{653A68D4-1BDD-44B1-BB78-7C2C2D9AA24F}.Ad-Hoc|iPhoneSimulator.Deploy.0 = Release|x86
		{653A68D4-1BDD-44B1-BB78-7C2C2D9AA24F}.Ad-Hoc|x64.ActiveCfg = Release|x64
		{653A68D4-1BDD-44B1-BB78-7C2C2D9AA24F}.Ad-Hoc|x64.Build.0 = Release|x64
		{653A68D4-1BDD-44B1-BB78-7C2C2D9AA24F}.Ad-Hoc|x64.Deploy.0 = Release|x64
		{653A68D4-1BDD-44B1-BB78-7C2C2D9AA24F}.Ad-Hoc|x86.ActiveCfg = Release|x86
		{653A68D4-1BDD-44B1-BB78-7C2C2D9AA24F}.Ad-Hoc|x86.Build.0 = Release|x86
		{653A68D4-1BDD-44B1-BB78-7C2C2D9AA24F}.Ad-Hoc|x86.Deploy.0 = Release|x86
		{653A68D4-1BDD-44B1-BB78-7C2C2D9AA24F}.AppStore|Any CPU.ActiveCfg = Release|x86
		{653A68D4-1BDD-44B1-BB78-7C2C2D9AA24F}.AppStore|Any CPU.Build.0 = Release|x86
		{653A68D4-1BDD-44B1-BB78-7C2C2D9AA24F}.AppStore|Any CPU.Deploy.0 = Release|x86
		{653A68D4-1BDD-44B1-BB78-7C2C2D9AA24F}.AppStore|ARM.ActiveCfg = Release|ARM
		{653A68D4-1BDD-44B1-BB78-7C2C2D9AA24F}.AppStore|ARM.Build.0 = Release|ARM
		{653A68D4-1BDD-44B1-BB78-7C2C2D9AA24F}.AppStore|ARM.Deploy.0 = Release|ARM
		{653A68D4-1BDD-44B1-BB78-7C2C2D9AA24F}.AppStore|iPhone.ActiveCfg = Release|x86
		{653A68D4-1BDD-44B1-BB78-7C2C2D9AA24F}.AppStore|iPhone.Build.0 = Release|x86
		{653A68D4-1BDD-44B1-BB78-7C2C2D9AA24F}.AppStore|iPhone.Deploy.0 = Release|x86
		{653A68D4-1BDD-44B1-BB78-7C2C2D9AA24F}.AppStore|iPhoneSimulator.ActiveCfg = Release|x86
		{653A68D4-1BDD-44B1-BB78-7C2C2D9AA24F}.AppStore|iPhoneSimulator.Build.0 = Release|x86
		{653A68D4-1BDD-44B1-BB78-7C2C2D9AA24F}.AppStore|iPhoneSimulator.Deploy.0 = Release|x86
		{653A68D4-1BDD-44B1-BB78-7C2C2D9AA24F}.AppStore|x64.ActiveCfg = Release|x64
		{653A68D4-1BDD-44B1-BB78-7C2C2D9AA24F}.AppStore|x64.Build.0 = Release|x64
		{653A68D4-1BDD-44B1-BB78-7C2C2D9AA24F}.AppStore|x64.Deploy.0 = Release|x64
		{653A68D4-1BDD-44B1-BB78-7C2C2D9AA24F}.AppStore|x86.ActiveCfg = Release|x86
		{653A68D4-1BDD-44B1-BB78-7C2C2D9AA24F}.AppStore|x86.Build.0 = Release|x86
		{653A68D4-1BDD-44B1-BB78-7C2C2D9AA24F}.AppStore|x86.Deploy.0 = Release|x86
		{653A68D4-1BDD-44B1-BB78-7C2C2D9AA24F}.Debug|Any CPU.ActiveCfg = Debug|x86
		{653A68D4-1BDD-44B1-BB78-7C2C2D9AA24F}.Debug|ARM.ActiveCfg = Debug|ARM
		{653A68D4-1BDD-44B1-BB78-7C2C2D9AA24F}.Debug|ARM.Build.0 = Debug|ARM
		{653A68D4-1BDD-44B1-BB78-7C2C2D9AA24F}.Debug|ARM.Deploy.0 = Debug|ARM
		{653A68D4-1BDD-44B1-BB78-7C2C2D9AA24F}.Debug|iPhone.ActiveCfg = Debug|x86
		{653A68D4-1BDD-44B1-BB78-7C2C2D9AA24F}.Debug|iPhoneSimulator.ActiveCfg = Debug|x86
		{653A68D4-1BDD-44B1-BB78-7C2C2D9AA24F}.Debug|x64.ActiveCfg = Debug|x64
		{653A68D4-1BDD-44B1-BB78-7C2C2D9AA24F}.Debug|x64.Build.0 = Debug|x64
		{653A68D4-1BDD-44B1-BB78-7C2C2D9AA24F}.Debug|x64.Deploy.0 = Debug|x64
		{653A68D4-1BDD-44B1-BB78-7C2C2D9AA24F}.Debug|x86.ActiveCfg = Debug|x86
		{653A68D4-1BDD-44B1-BB78-7C2C2D9AA24F}.Debug|x86.Build.0 = Debug|x86
		{653A68D4-1BDD-44B1-BB78-7C2C2D9AA24F}.Debug|x86.Deploy.0 = Debug|x86
		{653A68D4-1BDD-44B1-BB78-7C2C2D9AA24F}.Release|Any CPU.ActiveCfg = Release|x86
		{653A68D4-1BDD-44B1-BB78-7C2C2D9AA24F}.Release|ARM.ActiveCfg = Release|ARM
		{653A68D4-1BDD-44B1-BB78-7C2C2D9AA24F}.Release|ARM.Build.0 = Release|ARM
		{653A68D4-1BDD-44B1-BB78-7C2C2D9AA24F}.Release|ARM.Deploy.0 = Release|ARM
		{653A68D4-1BDD-44B1-BB78-7C2C2D9AA24F}.Release|iPhone.ActiveCfg = Release|x86
		{653A68D4-1BDD-44B1-BB78-7C2C2D9AA24F}.Release|iPhoneSimulator.ActiveCfg = Release|x86
		{653A68D4-1BDD-44B1-BB78-7C2C2D9AA24F}.Release|x64.ActiveCfg = Release|x64
		{653A68D4-1BDD-44B1-BB78-7C2C2D9AA24F}.Release|x64.Build.0 = Release|x64
		{653A68D4-1BDD-44B1-BB78-7C2C2D9AA24F}.Release|x64.Deploy.0 = Release|x64
		{653A68D4-1BDD-44B1-BB78-7C2C2D9AA24F}.Release|x86.ActiveCfg = Release|x86
		{653A68D4-1BDD-44B1-BB78-7C2C2D9AA24F}.Release|x86.Build.0 = Release|x86
		{653A68D4-1BDD-44B1-BB78-7C2C2D9AA24F}.Release|x86.Deploy.0 = Release|x86
		{691CBCE7-B0D7-4D3E-89F0-F9AD3A4EE008}.Ad-Hoc|Any CPU.ActiveCfg = Release|Any CPU
		{691CBCE7-B0D7-4D3E-89F0-F9AD3A4EE008}.Ad-Hoc|Any CPU.Build.0 = Release|Any CPU
		{691CBCE7-B0D7-4D3E-89F0-F9AD3A4EE008}.Ad-Hoc|Any CPU.Deploy.0 = Release|Any CPU
		{691CBCE7-B0D7-4D3E-89F0-F9AD3A4EE008}.Ad-Hoc|ARM.ActiveCfg = Release|ARM
		{691CBCE7-B0D7-4D3E-89F0-F9AD3A4EE008}.Ad-Hoc|ARM.Build.0 = Release|ARM
		{691CBCE7-B0D7-4D3E-89F0-F9AD3A4EE008}.Ad-Hoc|ARM.Deploy.0 = Release|ARM
		{691CBCE7-B0D7-4D3E-89F0-F9AD3A4EE008}.Ad-Hoc|iPhone.ActiveCfg = Release|Any CPU
		{691CBCE7-B0D7-4D3E-89F0-F9AD3A4EE008}.Ad-Hoc|iPhone.Build.0 = Release|Any CPU
		{691CBCE7-B0D7-4D3E-89F0-F9AD3A4EE008}.Ad-Hoc|iPhone.Deploy.0 = Release|Any CPU
		{691CBCE7-B0D7-4D3E-89F0-F9AD3A4EE008}.Ad-Hoc|iPhoneSimulator.ActiveCfg = Release|Any CPU
		{691CBCE7-B0D7-4D3E-89F0-F9AD3A4EE008}.Ad-Hoc|iPhoneSimulator.Build.0 = Release|Any CPU
		{691CBCE7-B0D7-4D3E-89F0-F9AD3A4EE008}.Ad-Hoc|iPhoneSimulator.Deploy.0 = Release|Any CPU
		{691CBCE7-B0D7-4D3E-89F0-F9AD3A4EE008}.Ad-Hoc|x64.ActiveCfg = Release|x64
		{691CBCE7-B0D7-4D3E-89F0-F9AD3A4EE008}.Ad-Hoc|x64.Build.0 = Release|x64
		{691CBCE7-B0D7-4D3E-89F0-F9AD3A4EE008}.Ad-Hoc|x64.Deploy.0 = Release|x64
		{691CBCE7-B0D7-4D3E-89F0-F9AD3A4EE008}.Ad-Hoc|x86.ActiveCfg = Release|x86
		{691CBCE7-B0D7-4D3E-89F0-F9AD3A4EE008}.Ad-Hoc|x86.Build.0 = Release|x86
		{691CBCE7-B0D7-4D3E-89F0-F9AD3A4EE008}.Ad-Hoc|x86.Deploy.0 = Release|x86
		{691CBCE7-B0D7-4D3E-89F0-F9AD3A4EE008}.AppStore|Any CPU.ActiveCfg = Release|Any CPU
		{691CBCE7-B0D7-4D3E-89F0-F9AD3A4EE008}.AppStore|Any CPU.Build.0 = Release|Any CPU
		{691CBCE7-B0D7-4D3E-89F0-F9AD3A4EE008}.AppStore|Any CPU.Deploy.0 = Release|Any CPU
		{691CBCE7-B0D7-4D3E-89F0-F9AD3A4EE008}.AppStore|ARM.ActiveCfg = Release|ARM
		{691CBCE7-B0D7-4D3E-89F0-F9AD3A4EE008}.AppStore|ARM.Build.0 = Release|ARM
		{691CBCE7-B0D7-4D3E-89F0-F9AD3A4EE008}.AppStore|ARM.Deploy.0 = Release|ARM
		{691CBCE7-B0D7-4D3E-89F0-F9AD3A4EE008}.AppStore|iPhone.ActiveCfg = Release|Any CPU
		{691CBCE7-B0D7-4D3E-89F0-F9AD3A4EE008}.AppStore|iPhone.Build.0 = Release|Any CPU
		{691CBCE7-B0D7-4D3E-89F0-F9AD3A4EE008}.AppStore|iPhone.Deploy.0 = Release|Any CPU
		{691CBCE7-B0D7-4D3E-89F0-F9AD3A4EE008}.AppStore|iPhoneSimulator.ActiveCfg = Release|Any CPU
		{691CBCE7-B0D7-4D3E-89F0-F9AD3A4EE008}.AppStore|iPhoneSimulator.Build.0 = Release|Any CPU
		{691CBCE7-B0D7-4D3E-89F0-F9AD3A4EE008}.AppStore|iPhoneSimulator.Deploy.0 = Release|Any CPU
		{691CBCE7-B0D7-4D3E-89F0-F9AD3A4EE008}.AppStore|x64.ActiveCfg = Release|x64
		{691CBCE7-B0D7-4D3E-89F0-F9AD3A4EE008}.AppStore|x64.Build.0 = Release|x64
		{691CBCE7-B0D7-4D3E-89F0-F9AD3A4EE008}.AppStore|x64.Deploy.0 = Release|x64
		{691CBCE7-B0D7-4D3E-89F0-F9AD3A4EE008}.AppStore|x86.ActiveCfg = Release|x86
		{691CBCE7-B0D7-4D3E-89F0-F9AD3A4EE008}.AppStore|x86.Build.0 = Release|x86
		{691CBCE7-B0D7-4D3E-89F0-F9AD3A4EE008}.AppStore|x86.Deploy.0 = Release|x86
		{691CBCE7-B0D7-4D3E-89F0-F9AD3A4EE008}.Debug|Any CPU.ActiveCfg = Debug|Any CPU
		{691CBCE7-B0D7-4D3E-89F0-F9AD3A4EE008}.Debug|Any CPU.Build.0 = Debug|Any CPU
		{691CBCE7-B0D7-4D3E-89F0-F9AD3A4EE008}.Debug|Any CPU.Deploy.0 = Debug|Any CPU
		{691CBCE7-B0D7-4D3E-89F0-F9AD3A4EE008}.Debug|ARM.ActiveCfg = Debug|ARM
		{691CBCE7-B0D7-4D3E-89F0-F9AD3A4EE008}.Debug|ARM.Build.0 = Debug|ARM
		{691CBCE7-B0D7-4D3E-89F0-F9AD3A4EE008}.Debug|ARM.Deploy.0 = Debug|ARM
		{691CBCE7-B0D7-4D3E-89F0-F9AD3A4EE008}.Debug|iPhone.ActiveCfg = Debug|Any CPU
		{691CBCE7-B0D7-4D3E-89F0-F9AD3A4EE008}.Debug|iPhone.Build.0 = Debug|Any CPU
		{691CBCE7-B0D7-4D3E-89F0-F9AD3A4EE008}.Debug|iPhone.Deploy.0 = Debug|Any CPU
		{691CBCE7-B0D7-4D3E-89F0-F9AD3A4EE008}.Debug|iPhoneSimulator.ActiveCfg = Debug|Any CPU
		{691CBCE7-B0D7-4D3E-89F0-F9AD3A4EE008}.Debug|iPhoneSimulator.Build.0 = Debug|Any CPU
		{691CBCE7-B0D7-4D3E-89F0-F9AD3A4EE008}.Debug|iPhoneSimulator.Deploy.0 = Debug|Any CPU
		{691CBCE7-B0D7-4D3E-89F0-F9AD3A4EE008}.Debug|x64.ActiveCfg = Debug|x64
		{691CBCE7-B0D7-4D3E-89F0-F9AD3A4EE008}.Debug|x64.Build.0 = Debug|x64
		{691CBCE7-B0D7-4D3E-89F0-F9AD3A4EE008}.Debug|x64.Deploy.0 = Debug|x64
		{691CBCE7-B0D7-4D3E-89F0-F9AD3A4EE008}.Debug|x86.ActiveCfg = Debug|x86
		{691CBCE7-B0D7-4D3E-89F0-F9AD3A4EE008}.Debug|x86.Build.0 = Debug|x86
		{691CBCE7-B0D7-4D3E-89F0-F9AD3A4EE008}.Debug|x86.Deploy.0 = Debug|x86
		{691CBCE7-B0D7-4D3E-89F0-F9AD3A4EE008}.Release|Any CPU.ActiveCfg = Release|Any CPU
		{691CBCE7-B0D7-4D3E-89F0-F9AD3A4EE008}.Release|Any CPU.Build.0 = Release|Any CPU
		{691CBCE7-B0D7-4D3E-89F0-F9AD3A4EE008}.Release|Any CPU.Deploy.0 = Release|Any CPU
		{691CBCE7-B0D7-4D3E-89F0-F9AD3A4EE008}.Release|ARM.ActiveCfg = Release|ARM
		{691CBCE7-B0D7-4D3E-89F0-F9AD3A4EE008}.Release|ARM.Build.0 = Release|ARM
		{691CBCE7-B0D7-4D3E-89F0-F9AD3A4EE008}.Release|ARM.Deploy.0 = Release|ARM
		{691CBCE7-B0D7-4D3E-89F0-F9AD3A4EE008}.Release|iPhone.ActiveCfg = Release|Any CPU
		{691CBCE7-B0D7-4D3E-89F0-F9AD3A4EE008}.Release|iPhone.Build.0 = Release|Any CPU
		{691CBCE7-B0D7-4D3E-89F0-F9AD3A4EE008}.Release|iPhone.Deploy.0 = Release|Any CPU
		{691CBCE7-B0D7-4D3E-89F0-F9AD3A4EE008}.Release|iPhoneSimulator.ActiveCfg = Release|Any CPU
		{691CBCE7-B0D7-4D3E-89F0-F9AD3A4EE008}.Release|iPhoneSimulator.Build.0 = Release|Any CPU
		{691CBCE7-B0D7-4D3E-89F0-F9AD3A4EE008}.Release|iPhoneSimulator.Deploy.0 = Release|Any CPU
		{691CBCE7-B0D7-4D3E-89F0-F9AD3A4EE008}.Release|x64.ActiveCfg = Release|x64
		{691CBCE7-B0D7-4D3E-89F0-F9AD3A4EE008}.Release|x64.Build.0 = Release|x64
		{691CBCE7-B0D7-4D3E-89F0-F9AD3A4EE008}.Release|x64.Deploy.0 = Release|x64
		{691CBCE7-B0D7-4D3E-89F0-F9AD3A4EE008}.Release|x86.ActiveCfg = Release|x86
		{691CBCE7-B0D7-4D3E-89F0-F9AD3A4EE008}.Release|x86.Build.0 = Release|x86
		{691CBCE7-B0D7-4D3E-89F0-F9AD3A4EE008}.Release|x86.Deploy.0 = Release|x86
	EndGlobalSection
	GlobalSection(SolutionProperties) = preSolution
		HideSolutionNode = FALSE
	EndGlobalSection
EndGlobal
